
Microsoft Visual Studio Solution File, Format Version 11.00
# Visual Studio 2010
Project("{54435603-DBB4-11D2-8724-00A0C9A8B90C}") = "hlsl", "hlsl_msi-v19.vdproj", "{E9C8C4A6-F22F-4662-AC36-F05371AD006C}"
EndProject
Global
	GlobalSection(SolutionConfigurationPlatforms) = preSolution
		Release|Default = Release|Default
	EndGlobalSection
	GlobalSection(ProjectConfigurationPlatforms) = postSolution
		{E9C8C4A6-F22F-4662-AC36-F05371AD006C}.Release|Default.ActiveCfg = Release
		{E9C8C4A6-F22F-4662-AC36-F05371AD006C}.Release|Default.Build.0 = Release
	EndGlobalSection
	GlobalSection(SolutionProperties) = preSolution
		HideSolutionNode = FALSE
	EndGlobalSection
EndGlobal
